
Microsoft Visual Studio Solution File, Format Version 12.00
# Visual Studio Version 17
VisualStudioVersion = 17.6.33829.357
MinimumVisualStudioVersion = 10.0.40219.1
Project("{FAE04EC0-301F-11D3-BF4B-00C04F79EFBC}") = "task", "task\task.csproj", "{2EDD74A2-198F-4934-9F68-884BDD37ABC6}"
EndProject
Global
	GlobalSection(SolutionConfigurationPlatforms) = preSolution
		Debug|Any CPU = Debug|Any CPU
		Release|Any CPU = Release|Any CPU
	EndGlobalSection
	GlobalSection(ProjectConfigurationPlatforms) = postSolution
		{2EDD74A2-198F-4934-9F68-884BDD37ABC6}.Debug|Any CPU.ActiveCfg = Debug|Any CPU
		{2EDD74A2-198F-4934-9F68-884BDD37ABC6}.Debug|Any CPU.Build.0 = Debug|Any CPU
		{2EDD74A2-198F-4934-9F68-884BDD37ABC6}.Release|Any CPU.ActiveCfg = Release|Any CPU
		{2EDD74A2-198F-4934-9F68-884BDD37ABC6}.Release|Any CPU.Build.0 = Release|Any CPU
	EndGlobalSection
	GlobalSection(SolutionProperties) = preSolution
		HideSolutionNode = FALSE
	EndGlobalSection
	GlobalSection(ExtensibilityGlobals) = postSolution
		SolutionGuid = {FC19C45D-6BED-4BB5-A624-70D7E7F3B09B}
	EndGlobalSection
EndGlobal
